
Microsoft Visual Studio Solution File, Format Version 12.00
# Visual Studio Version 17
VisualStudioVersion = 17.4.33205.214
MinimumVisualStudioVersion = 10.0.40219.1
Project("{FAE04EC0-301F-11D3-BF4B-00C04F79EFBC}") = "HelloWorld", "HelloWorld\HelloWorld.csproj", "{C015756A-326B-405C-BD3A-0034CC9FF689}"
EndProject
Project("{FAE04EC0-301F-11D3-BF4B-00C04F79EFBC}") = "NoWarNoBlood", "NoWarNoBlood\NoWarNoBlood.csproj", "{6972BBA7-D88F-454C-AB4A-9C8A29CFA38B}"
EndProject
Project("{FAE04EC0-301F-11D3-BF4B-00C04F79EFBC}") = "MakeLoveNotWar", "MakeLoveNotWar\MakeLoveNotWar.csproj", "{E13033D9-A290-4C1E-945A-3305ECDB33E4}"
EndProject
Project("{FAE04EC0-301F-11D3-BF4B-00C04F79EFBC}") = "You’veHeardItBefore", "You’veHeardItBefore\You’veHeardItBefore.csproj", "{C8F1DACB-2D0C-4D2F-BDBE-F958E089D42A}"
EndProject
Project("{FAE04EC0-301F-11D3-BF4B-00C04F79EFBC}") = "BombingForPeaceIsLikeFuckingForVirginity", "BombingForPeaceIsLikeFuckingForVirginity\BombingForPeaceIsLikeFuckingForVirginity.csproj", "{90EC55E8-82E4-4CB6-8CDC-9AE4EC5C825B}"
EndProject
Project("{FAE04EC0-301F-11D3-BF4B-00C04F79EFBC}") = "PeaceForAllWorld", "PeaceForAllWorld\PeaceForAllWorld.csproj", "{7687A36E-282B-4EC4-92AF-AA4A1DEB3812}"
EndProject
Project("{FAE04EC0-301F-11D3-BF4B-00C04F79EFBC}") = "NoWar", "NoWar\NoWar.csproj", "{1AF29F69-405F-4436-BFBB-8BA92AD6C51F}"
EndProject
Project("{FAE04EC0-301F-11D3-BF4B-00C04F79EFBC}") = "StopPutinStopTheWar", "StopPutinStopTheWar\StopPutinStopTheWar.csproj", "{7C5B3386-E8CA-4CC6-BC9E-463EAC1BFA17}"
EndProject
Project("{FAE04EC0-301F-11D3-BF4B-00C04F79EFBC}") = "IAmRussianAndIAmAgainstTheWar", "IAmRussianAndIAmAgainstTheWar\IAmRussianAndIAmAgainstTheWar.csproj", "{51369445-146E-4E61-9EE4-DAE6E50726CF}"
EndProject
Project("{FAE04EC0-301F-11D3-BF4B-00C04F79EFBC}") = "PeaceForUkraineAndAllOfEurope", "PeaceForUkraineAndAllOfEurope\PeaceForUkraineAndAllOfEurope.csproj", "{76EA9468-3EA1-4213-B754-A21B2AC78E48}"
EndProject
Project("{FAE04EC0-301F-11D3-BF4B-00C04F79EFBC}") = "NoToPutin’sWarNoToAllWars", "NoToPutin’sWarNoToAllWars\NoToPutin’sWarNoToAllWars.csproj", "{071FDE2B-AAD3-44A6-9EFF-2BBE5FB23389}"
EndProject
Project("{FAE04EC0-301F-11D3-BF4B-00C04F79EFBC}") = "MakeLovePlayGamesNotWar", "MakeLovePlayGamesNotWar\MakeLovePlayGamesNotWar.csproj", "{81A6F8DE-B97A-4841-B016-0BD265F28003}"
EndProject
Project("{FAE04EC0-301F-11D3-BF4B-00C04F79EFBC}") = "HelloTurkey", "HelloTurkey\HelloTurkey.csproj", "{469D8764-5C04-40FF-B555-3F38A270979F}"
EndProject
Global
	GlobalSection(SolutionConfigurationPlatforms) = preSolution
		Debug|Any CPU = Debug|Any CPU
		Release|Any CPU = Release|Any CPU
	EndGlobalSection
	GlobalSection(ProjectConfigurationPlatforms) = postSolution
		{C015756A-326B-405C-BD3A-0034CC9FF689}.Debug|Any CPU.ActiveCfg = Debug|Any CPU
		{C015756A-326B-405C-BD3A-0034CC9FF689}.Debug|Any CPU.Build.0 = Debug|Any CPU
		{C015756A-326B-405C-BD3A-0034CC9FF689}.Release|Any CPU.ActiveCfg = Release|Any CPU
		{C015756A-326B-405C-BD3A-0034CC9FF689}.Release|Any CPU.Build.0 = Release|Any CPU
		{6972BBA7-D88F-454C-AB4A-9C8A29CFA38B}.Debug|Any CPU.ActiveCfg = Debug|Any CPU
		{6972BBA7-D88F-454C-AB4A-9C8A29CFA38B}.Debug|Any CPU.Build.0 = Debug|Any CPU
		{6972BBA7-D88F-454C-AB4A-9C8A29CFA38B}.Release|Any CPU.ActiveCfg = Release|Any CPU
		{6972BBA7-D88F-454C-AB4A-9C8A29CFA38B}.Release|Any CPU.Build.0 = Release|Any CPU
		{E13033D9-A290-4C1E-945A-3305ECDB33E4}.Debug|Any CPU.ActiveCfg = Debug|Any CPU
		{E13033D9-A290-4C1E-945A-3305ECDB33E4}.Debug|Any CPU.Build.0 = Debug|Any CPU
		{E13033D9-A290-4C1E-945A-3305ECDB33E4}.Release|Any CPU.ActiveCfg = Release|Any CPU
		{E13033D9-A290-4C1E-945A-3305ECDB33E4}.Release|Any CPU.Build.0 = Release|Any CPU
		{C8F1DACB-2D0C-4D2F-BDBE-F958E089D42A}.Debug|Any CPU.ActiveCfg = Debug|Any CPU
		{C8F1DACB-2D0C-4D2F-BDBE-F958E089D42A}.Debug|Any CPU.Build.0 = Debug|Any CPU
		{C8F1DACB-2D0C-4D2F-BDBE-F958E089D42A}.Release|Any CPU.ActiveCfg = Release|Any CPU
		{C8F1DACB-2D0C-4D2F-BDBE-F958E089D42A}.Release|Any CPU.Build.0 = Release|Any CPU
		{90EC55E8-82E4-4CB6-8CDC-9AE4EC5C825B}.Debug|Any CPU.ActiveCfg = Debug|Any CPU
		{90EC55E8-82E4-4CB6-8CDC-9AE4EC5C825B}.Debug|Any CPU.Build.0 = Debug|Any CPU
		{90EC55E8-82E4-4CB6-8CDC-9AE4EC5C825B}.Release|Any CPU.ActiveCfg = Release|Any CPU
		{90EC55E8-82E4-4CB6-8CDC-9AE4EC5C825B}.Release|Any CPU.Build.0 = Release|Any CPU
		{7687A36E-282B-4EC4-92AF-AA4A1DEB3812}.Debug|Any CPU.ActiveCfg = Debug|Any CPU
		{7687A36E-282B-4EC4-92AF-AA4A1DEB3812}.Debug|Any CPU.Build.0 = Debug|Any CPU
		{7687A36E-282B-4EC4-92AF-AA4A1DEB3812}.Release|Any CPU.ActiveCfg = Release|Any CPU
		{7687A36E-282B-4EC4-92AF-AA4A1DEB3812}.Release|Any CPU.Build.0 = Release|Any CPU
		{1AF29F69-405F-4436-BFBB-8BA92AD6C51F}.Debug|Any CPU.ActiveCfg = Debug|Any CPU
		{1AF29F69-405F-4436-BFBB-8BA92AD6C51F}.Debug|Any CPU.Build.0 = Debug|Any CPU
		{1AF29F69-405F-4436-BFBB-8BA92AD6C51F}.Release|Any CPU.ActiveCfg = Release|Any CPU
		{1AF29F69-405F-4436-BFBB-8BA92AD6C51F}.Release|Any CPU.Build.0 = Release|Any CPU
		{7C5B3386-E8CA-4CC6-BC9E-463EAC1BFA17}.Debug|Any CPU.ActiveCfg = Debug|Any CPU
		{7C5B3386-E8CA-4CC6-BC9E-463EAC1BFA17}.Debug|Any CPU.Build.0 = Debug|Any CPU
		{7C5B3386-E8CA-4CC6-BC9E-463EAC1BFA17}.Release|Any CPU.ActiveCfg = Release|Any CPU
		{7C5B3386-E8CA-4CC6-BC9E-463EAC1BFA17}.Release|Any CPU.Build.0 = Release|Any CPU
		{51369445-146E-4E61-9EE4-DAE6E50726CF}.Debug|Any CPU.ActiveCfg = Debug|Any CPU
		{51369445-146E-4E61-9EE4-DAE6E50726CF}.Debug|Any CPU.Build.0 = Debug|Any CPU
		{51369445-146E-4E61-9EE4-DAE6E50726CF}.Release|Any CPU.ActiveCfg = Release|Any CPU
		{51369445-146E-4E61-9EE4-DAE6E50726CF}.Release|Any CPU.Build.0 = Release|Any CPU
		{76EA9468-3EA1-4213-B754-A21B2AC78E48}.Debug|Any CPU.ActiveCfg = Debug|Any CPU
		{76EA9468-3EA1-4213-B754-A21B2AC78E48}.Debug|Any CPU.Build.0 = Debug|Any CPU
		{76EA9468-3EA1-4213-B754-A21B2AC78E48}.Release|Any CPU.ActiveCfg = Release|Any CPU
		{76EA9468-3EA1-4213-B754-A21B2AC78E48}.Release|Any CPU.Build.0 = Release|Any CPU
		{071FDE2B-AAD3-44A6-9EFF-2BBE5FB23389}.Debug|Any CPU.ActiveCfg = Debug|Any CPU
		{071FDE2B-AAD3-44A6-9EFF-2BBE5FB23389}.Debug|Any CPU.Build.0 = Debug|Any CPU
		{071FDE2B-AAD3-44A6-9EFF-2BBE5FB23389}.Release|Any CPU.ActiveCfg = Release|Any CPU
		{071FDE2B-AAD3-44A6-9EFF-2BBE5FB23389}.Release|Any CPU.Build.0 = Release|Any CPU
		{81A6F8DE-B97A-4841-B016-0BD265F28003}.Debug|Any CPU.ActiveCfg = Debug|Any CPU
		{81A6F8DE-B97A-4841-B016-0BD265F28003}.Debug|Any CPU.Build.0 = Debug|Any CPU
		{81A6F8DE-B97A-4841-B016-0BD265F28003}.Release|Any CPU.ActiveCfg = Release|Any CPU
		{81A6F8DE-B97A-4841-B016-0BD265F28003}.Release|Any CPU.Build.0 = Release|Any CPU
		{469D8764-5C04-40FF-B555-3F38A270979F}.Debug|Any CPU.ActiveCfg = Debug|Any CPU
		{469D8764-5C04-40FF-B555-3F38A270979F}.Debug|Any CPU.Build.0 = Debug|Any CPU
		{469D8764-5C04-40FF-B555-3F38A270979F}.Release|Any CPU.ActiveCfg = Release|Any CPU
		{469D8764-5C04-40FF-B555-3F38A270979F}.Release|Any CPU.Build.0 = Release|Any CPU
	EndGlobalSection
	GlobalSection(SolutionProperties) = preSolution
		HideSolutionNode = FALSE
	EndGlobalSection
	GlobalSection(ExtensibilityGlobals) = postSolution
		SolutionGuid = {2ABBF7B9-9C0A-4198-B1FB-C2F163ED7AC9}
	EndGlobalSection
EndGlobal
